
Microsoft Visual Studio Solution File, Format Version 12.00
# Visual Studio 15
VisualStudioVersion = 15.0.28010.2016
MinimumVisualStudioVersion = 10.0.40219.1
Project("{778DAE3C-4631-46EA-AA77-85C1314464D9}") = "TensorFlowMLNETInceptionv3ModelScoring", "TensorFlowMLNETInceptionv3ModelScoring.vbproj", "{42C3D8EC-C849-48AA-B12F-B39710DEF084}"
EndProject
Global
	GlobalSection(SolutionConfigurationPlatforms) = preSolution
		Debug|Any CPU = Debug|Any CPU
		Release|Any CPU = Release|Any CPU
	EndGlobalSection
	GlobalSection(ProjectConfigurationPlatforms) = postSolution
		{42C3D8EC-C849-48AA-B12F-B39710DEF084}.Debug|Any CPU.ActiveCfg = Debug|Any CPU
		{42C3D8EC-C849-48AA-B12F-B39710DEF084}.Debug|Any CPU.Build.0 = Debug|Any CPU
		{42C3D8EC-C849-48AA-B12F-B39710DEF084}.Release|Any CPU.ActiveCfg = Release|Any CPU
		{42C3D8EC-C849-48AA-B12F-B39710DEF084}.Release|Any CPU.Build.0 = Release|Any CPU
	EndGlobalSection
	GlobalSection(SolutionProperties) = preSolution
		HideSolutionNode = FALSE
	EndGlobalSection
	GlobalSection(ExtensibilityGlobals) = postSolution
		SolutionGuid = {F7626E5D-D742-4B1F-97CC-CD2C9C5A10E4}
	EndGlobalSection
EndGlobal
